// !$*UTF8*$!
{
	archiveVersion = 1;
	classes = {
	};
	objectVersion = 56;
	objects = {

/* Begin PBXBuildFile section */
		E3C857AB2B28DE4C0060CD70 /* procastilessApp.swift in Sources */ = {isa = PBXBuildFile; fileRef = E3C857AA2B28DE4C0060CD70 /* procastilessApp.swift */; };
		E3C857AD2B28DE4C0060CD70 /* ContentView.swift in Sources */ = {isa = PBXBuildFile; fileRef = E3C857AC2B28DE4C0060CD70 /* ContentView.swift */; };
		E3C857AF2B28DE4E0060CD70 /* Assets.xcassets in Resources */ = {isa = PBXBuildFile; fileRef = E3C857AE2B28DE4E0060CD70 /* Assets.xcassets */; };
		E3C857B22B28DE4E0060CD70 /* Preview Assets.xcassets in Resources */ = {isa = PBXBuildFile; fileRef = E3C857B12B28DE4E0060CD70 /* Preview Assets.xcassets */; };
		E3C857BC2B28DE4E0060CD70 /* procastilessTests.swift in Sources */ = {isa = PBXBuildFile; fileRef = E3C857BB2B28DE4E0060CD70 /* procastilessTests.swift */; };
		E3C857C62B28DE4E0060CD70 /* procastilessUITests.swift in Sources */ = {isa = PBXBuildFile; fileRef = E3C857C52B28DE4E0060CD70 /* procastilessUITests.swift */; };
		E3C857C82B28DE4E0060CD70 /* procastilessUITestsLaunchTests.swift in Sources */ = {isa = PBXBuildFile; fileRef = E3C857C72B28DE4E0060CD70 /* procastilessUITestsLaunchTests.swift */; };
/* End PBXBuildFile section */

/* Begin PBXContainerItemProxy section */
		E3C857B82B28DE4E0060CD70 /* PBXContainerItemProxy */ = {
			isa = PBXContainerItemProxy;
			containerPortal = E3C8579F2B28DE4C0060CD70 /* Project object */;
			proxyType = 1;
			remoteGlobalIDString = E3C857A62B28DE4C0060CD70;
			remoteInfo = procastiless;
		};
		E3C857C22B28DE4E0060CD70 /* PBXContainerItemProxy */ = {
			isa = PBXContainerItemProxy;
			containerPortal = E3C8579F2B28DE4C0060CD70 /* Project object */;
			proxyType = 1;
			remoteGlobalIDString = E3C857A62B28DE4C0060CD70;
			remoteInfo = procastiless;
		};
/* End PBXContainerItemProxy section */

/* Begin PBXFileReference section */
		E3C857A72B28DE4C0060CD70 /* procastiless.app */ = {isa = PBXFileReference; explicitFileType = wrapper.application; includeInIndex = 0; path = procastiless.app; sourceTree = BUILT_PRODUCTS_DIR; };
		E3C857AA2B28DE4C0060CD70 /* procastilessApp.swift */ = {isa = PBXFileReference; lastKnownFileType = sourcecode.swift; path = procastilessApp.swift; sourceTree = "<group>"; };
		E3C857AC2B28DE4C0060CD70 /* ContentView.swift */ = {isa = PBXFileReference; lastKnownFileType = sourcecode.swift; path = ContentView.swift; sourceTree = "<group>"; };
		E3C857AE2B28DE4E0060CD70 /* Assets.xcassets */ = {isa = PBXFileReference; lastKnownFileType = folder.assetcatalog; path = Assets.xcassets; sourceTree = "<group>"; };
		E3C857B12B28DE4E0060CD70 /* Preview Assets.xcassets */ = {isa = PBXFileReference; lastKnownFileType = folder.assetcatalog; path = "Preview Assets.xcassets"; sourceTree = "<group>"; };
		E3C857B72B28DE4E0060CD70 /* procastilessTests.xctest */ = {isa = PBXFileReference; explicitFileType = wrapper.cfbundle; includeInIndex = 0; path = procastilessTests.xctest; sourceTree = BUILT_PRODUCTS_DIR; };
		E3C857BB2B28DE4E0060CD70 /* procastilessTests.swift */ = {isa = PBXFileReference; lastKnownFileType = sourcecode.swift; path = procastilessTests.swift; sourceTree = "<group>"; };
		E3C857C12B28DE4E0060CD70 /* procastilessUITests.xctest */ = {isa = PBXFileReference; explicitFileType = wrapper.cfbundle; includeInIndex = 0; path = procastilessUITests.xctest; sourceTree = BUILT_PRODUCTS_DIR; };
		E3C857C52B28DE4E0060CD70 /* procastilessUITests.swift */ = {isa = PBXFileReference; lastKnownFileType = sourcecode.swift; path = procastilessUITests.swift; sourceTree = "<group>"; };
		E3C857C72B28DE4E0060CD70 /* procastilessUITestsLaunchTests.swift */ = {isa = PBXFileReference; lastKnownFileType = sourcecode.swift; path = procastilessUITestsLaunchTests.swift; sourceTree = "<group>"; };
/* End PBXFileReference section */

/* Begin PBXFrameworksBuildPhase section */
		E3C857A42B28DE4C0060CD70 /* Frameworks */ = {
			isa = PBXFrameworksBuildPhase;
			buildActionMask = 2147483647;
			files = (
			);
			runOnlyForDeploymentPostprocessing = 0;
		};
		E3C857B42B28DE4E0060CD70 /* Frameworks */ = {
			isa = PBXFrameworksBuildPhase;
			buildActionMask = 2147483647;
			files = (
			);
			runOnlyForDeploymentPostprocessing = 0;
		};
		E3C857BE2B28DE4E0060CD70 /* Frameworks */ = {
			isa = PBXFrameworksBuildPhase;
			buildActionMask = 2147483647;
			files = (
			);
			runOnlyForDeploymentPostprocessing = 0;
		};
/* End PBXFrameworksBuildPhase section */

/* Begin PBXGroup section */
		E3C8579E2B28DE4C0060CD70 = {
			isa = PBXGroup;
			children = (
				E3C857A92B28DE4C0060CD70 /* procastiless */,
				E3C857BA2B28DE4E0060CD70 /* procastilessTests */,
				E3C857C42B28DE4E0060CD70 /* procastilessUITests */,
				E3C857A82B28DE4C0060CD70 /* Products */,
			);
			sourceTree = "<group>";
		};
		E3C857A82B28DE4C0060CD70 /* Products */ = {
			isa = PBXGroup;
			children = (
				E3C857A72B28DE4C0060CD70 /* procastiless.app */,
				E3C857B72B28DE4E0060CD70 /* procastilessTests.xctest */,
				E3C857C12B28DE4E0060CD70 /* procastilessUITests.xctest */,
			);
			name = Products;
			sourceTree = "<group>";
		};
		E3C857A92B28DE4C0060CD70 /* procastiless */ = {
			isa = PBXGroup;
			children = (
				E3C857AA2B28DE4C0060CD70 /* procastilessApp.swift */,
				E3C857AC2B28DE4C0060CD70 /* ContentView.swift */,
				E3C857AE2B28DE4E0060CD70 /* Assets.xcassets */,
				E3C857B02B28DE4E0060CD70 /* Preview Content */,
			);
			path = procastiless;
			sourceTree = "<group>";
		};
		E3C857B02B28DE4E0060CD70 /* Preview Content */ = {
			isa = PBXGroup;
			children = (
				E3C857B12B28DE4E0060CD70 /* Preview Assets.xcassets */,
			);
			path = "Preview Content";
			sourceTree = "<group>";
		};
		E3C857BA2B28DE4E0060CD70 /* procastilessTests */ = {
			isa = PBXGroup;
			children = (
				E3C857BB2B28DE4E0060CD70 /* procastilessTests.swift */,
			);
			path = procastilessTests;
			sourceTree = "<group>";
		};
		E3C857C42B28DE4E0060CD70 /* procastilessUITests */ = {
			isa = PBXGroup;
			children = (
				E3C857C52B28DE4E0060CD70 /* procastilessUITests.swift */,
				E3C857C72B28DE4E0060CD70 /* procastilessUITestsLaunchTests.swift */,
			);
			path = procastilessUITests;
			sourceTree = "<group>";
		};
/* End PBXGroup section */

/* Begin PBXNativeTarget section */
		E3C857A62B28DE4C0060CD70 /* procastiless */ = {
			isa = PBXNativeTarget;
			buildConfigurationList = E3C857CB2B28DE4E0060CD70 /* Build configuration list for PBXNativeTarget "procastiless" */;
			buildPhases = (
				E3C857A32B28DE4C0060CD70 /* Sources */,
				E3C857A42B28DE4C0060CD70 /* Frameworks */,
				E3C857A52B28DE4C0060CD70 /* Resources */,
			);
			buildRules = (
			);
			dependencies = (
			);
			name = procastiless;
			productName = procastiless;
			productReference = E3C857A72B28DE4C0060CD70 /* procastiless.app */;
			productType = "com.apple.product-type.application";
		};
		E3C857B62B28DE4E0060CD70 /* procastilessTests */ = {
			isa = PBXNativeTarget;
			buildConfigurationList = E3C857CE2B28DE4E0060CD70 /* Build configuration list for PBXNativeTarget "procastilessTests" */;
			buildPhases = (
				E3C857B32B28DE4E0060CD70 /* Sources */,
				E3C857B42B28DE4E0060CD70 /* Frameworks */,
				E3C857B52B28DE4E0060CD70 /* Resources */,
			);
			buildRules = (
			);
			dependencies = (
				E3C857B92B28DE4E0060CD70 /* PBXTargetDependency */,
			);
			name = procastilessTests;
			productName = procastilessTests;
			productReference = E3C857B72B28DE4E0060CD70 /* procastilessTests.xctest */;
			productType = "com.apple.product-type.bundle.unit-test";
		};
		E3C857C02B28DE4E0060CD70 /* procastilessUITests */ = {
			isa = PBXNativeTarget;
			buildConfigurationList = E3C857D12B28DE4E0060CD70 /* Build configuration list for PBXNativeTarget "procastilessUITests" */;
			buildPhases = (
				E3C857BD2B28DE4E0060CD70 /* Sources */,
				E3C857BE2B28DE4E0060CD70 /* Frameworks */,
				E3C857BF2B28DE4E0060CD70 /* Resources */,
			);
			buildRules = (
			);
			dependencies = (
				E3C857C32B28DE4E0060CD70 /* PBXTargetDependency */,
			);
			name = procastilessUITests;
			productName = procastilessUITests;
			productReference = E3C857C12B28DE4E0060CD70 /* procastilessUITests.xctest */;
			productType = "com.apple.product-type.bundle.ui-testing";
		};
/* End PBXNativeTarget section */

/* Begin PBXProject section */
		E3C8579F2B28DE4C0060CD70 /* Project object */ = {
			isa = PBXProject;
			attributes = {
				BuildIndependentTargetsInParallel = 1;
				LastSwiftUpdateCheck = 1500;
				LastUpgradeCheck = 1500;
				TargetAttributes = {
					E3C857A62B28DE4C0060CD70 = {
						CreatedOnToolsVersion = 15.0.1;
					};
					E3C857B62B28DE4E0060CD70 = {
						CreatedOnToolsVersion = 15.0.1;
						TestTargetID = E3C857A62B28DE4C0060CD70;
					};
					E3C857C02B28DE4E0060CD70 = {
						CreatedOnToolsVersion = 15.0.1;
						TestTargetID = E3C857A62B28DE4C0060CD70;
					};
				};
			};
			buildConfigurationList = E3C857A22B28DE4C0060CD70 /* Build configuration list for PBXProject "procastiless" */;
			compatibilityVersion = "Xcode 14.0";
			developmentRegion = en;
			hasScannedForEncodings = 0;
			knownRegions = (
				en,
				Base,
			);
			mainGroup = E3C8579E2B28DE4C0060CD70;
			productRefGroup = E3C857A82B28DE4C0060CD70 /* Products */;
			projectDirPath = "";
			projectRoot = "";
			targets = (
				E3C857A62B28DE4C0060CD70 /* procastiless */,
				E3C857B62B28DE4E0060CD70 /* procastilessTests */,
				E3C857C02B28DE4E0060CD70 /* procastilessUITests */,
			);
		};
/* End PBXProject section */

/* Begin PBXResourcesBuildPhase section */
		E3C857A52B28DE4C0060CD70 /* Resources */ = {
			isa = PBXResourcesBuildPhase;
			buildActionMask = 2147483647;
			files = (
				E3C857B22B28DE4E0060CD70 /* Preview Assets.xcassets in Resources */,
				E3C857AF2B28DE4E0060CD70 /* Assets.xcassets in Resources */,
			);
			runOnlyForDeploymentPostprocessing = 0;
		};
		E3C857B52B28DE4E0060CD70 /* Resources */ = {
			isa = PBXResourcesBuildPhase;
			buildActionMask = 2147483647;
			files = (
			);
			runOnlyForDeploymentPostprocessing = 0;
		};
		E3C857BF2B28DE4E0060CD70 /* Resources */ = {
			isa = PBXResourcesBuildPhase;
			buildActionMask = 2147483647;
			files = (
			);
			runOnlyForDeploymentPostprocessing = 0;
		};
/* End PBXResourcesBuildPhase section */

/* Begin PBXSourcesBuildPhase section */
		E3C857A32B28DE4C0060CD70 /* Sources */ = {
			isa = PBXSourcesBuildPhase;
			buildActionMask = 2147483647;
			files = (
				E3C857AD2B28DE4C0060CD70 /* ContentView.swift in Sources */,
				E3C857AB2B28DE4C0060CD70 /* procastilessApp.swift in Sources */,
			);
			runOnlyForDeploymentPostprocessing = 0;
		};
		E3C857B32B28DE4E0060CD70 /* Sources */ = {
			isa = PBXSourcesBuildPhase;
			buildActionMask = 2147483647;
			files = (
				E3C857BC2B28DE4E0060CD70 /* procastilessTests.swift in Sources */,
			);
			runOnlyForDeploymentPostprocessing = 0;
		};
		E3C857BD2B28DE4E0060CD70 /* Sources */ = {
			isa = PBXSourcesBuildPhase;
			buildActionMask = 2147483647;
			files = (
				E3C857C82B28DE4E0060CD70 /* procastilessUITestsLaunchTests.swift in Sources */,
				E3C857C62B28DE4E0060CD70 /* procastilessUITests.swift in Sources */,
			);
			runOnlyForDeploymentPostprocessing = 0;
		};
/* End PBXSourcesBuildPhase section */

/* Begin PBXTargetDependency section */
		E3C857B92B28DE4E0060CD70 /* PBXTargetDependency */ = {
			isa = PBXTargetDependency;
			target = E3C857A62B28DE4C0060CD70 /* procastiless */;
			targetProxy = E3C857B82B28DE4E0060CD70 /* PBXContainerItemProxy */;
		};
		E3C857C32B28DE4E0060CD70 /* PBXTargetDependency */ = {
			isa = PBXTargetDependency;
			target = E3C857A62B28DE4C0060CD70 /* procastiless */;
			targetProxy = E3C857C22B28DE4E0060CD70 /* PBXContainerItemProxy */;
		};
/* End PBXTargetDependency section */

/* Begin XCBuildConfiguration section */
		E3C857C92B28DE4E0060CD70 /* Debug */ = {
			isa = XCBuildConfiguration;
			buildSettings = {
				ALWAYS_SEARCH_USER_PATHS = NO;
				ASSETCATALOG_COMPILER_GENERATE_SWIFT_ASSET_SYMBOL_EXTENSIONS = YES;
				CLANG_ANALYZER_NONNULL = YES;
				CLANG_ANALYZER_NUMBER_OBJECT_CONVERSION = YES_AGGRESSIVE;
				CLANG_CXX_LANGUAGE_STANDARD = "gnu++20";
				CLANG_ENABLE_MODULES = YES;
				CLANG_ENABLE_OBJC_ARC = YES;
				CLANG_ENABLE_OBJC_WEAK = YES;
				CLANG_WARN_BLOCK_CAPTURE_AUTORELEASING = YES;
				CLANG_WARN_BOOL_CONVERSION = YES;
				CLANG_WARN_COMMA = YES;
				CLANG_WARN_CONSTANT_CONVERSION = YES;
				CLANG_WARN_DEPRECATED_OBJC_IMPLEMENTATIONS = YES;
				CLANG_WARN_DIRECT_OBJC_ISA_USAGE = YES_ERROR;
				CLANG_WARN_DOCUMENTATION_COMMENTS = YES;
				CLANG_WARN_EMPTY_BODY = YES;
				CLANG_WARN_ENUM_CONVERSION = YES;
				CLANG_WARN_INFINITE_RECURSION = YES;
				CLANG_WARN_INT_CONVERSION = YES;
				CLANG_WARN_NON_LITERAL_NULL_CONVERSION = YES;
				CLANG_WARN_OBJC_IMPLICIT_RETAIN_SELF = YES;
				CLANG_WARN_OBJC_LITERAL_CONVERSION = YES;
				CLANG_WARN_OBJC_ROOT_CLASS = YES_ERROR;
				CLANG_WARN_QUOTED_INCLUDE_IN_FRAMEWORK_HEADER = YES;
				CLANG_WARN_RANGE_LOOP_ANALYSIS = YES;
				CLANG_WARN_STRICT_PROTOTYPES = YES;
				CLANG_WARN_SUSPICIOUS_MOVE = YES;
				CLANG_WARN_UNGUARDED_AVAILABILITY = YES_AGGRESSIVE;
				CLANG_WARN_UNREACHABLE_CODE = YES;
				CLANG_WARN__DUPLICATE_METHOD_MATCH = YES;
				COPY_PHASE_STRIP = NO;
				DEBUG_INFORMATION_FORMAT = dwarf;
				ENABLE_STRICT_OBJC_MSGSEND = YES;
				ENABLE_TESTABILITY = YES;
				ENABLE_USER_SCRIPT_SANDBOXING = YES;
				GCC_C_LANGUAGE_STANDARD = gnu17;
				GCC_DYNAMIC_NO_PIC = NO;
				GCC_NO_COMMON_BLOCKS = YES;
				GCC_OPTIMIZATION_LEVEL = 0;
				GCC_PREPROCESSOR_DEFINITIONS = (
					"DEBUG=1",
					"$(inherited)",
				);
				GCC_WARN_64_TO_32_BIT_CONVERSION = YES;
				GCC_WARN_ABOUT_RETURN_TYPE = YES_ERROR;
				GCC_WARN_UNDECLARED_SELECTOR = YES;
				GCC_WARN_UNINITIALIZED_AUTOS = YES_AGGRESSIVE;
				GCC_WARN_UNUSED_FUNCTION = YES;
				GCC_WARN_UNUSED_VARIABLE = YES;
				IPHONEOS_DEPLOYMENT_TARGET = 17.0;
				LOCALIZATION_PREFERS_STRING_CATALOGS = YES;
				MTL_ENABLE_DEBUG_INFO = INCLUDE_SOURCE;
				MTL_FAST_MATH = YES;
				ONLY_ACTIVE_ARCH = YES;
				SDKROOT = iphoneos;
				SWIFT_ACTIVE_COMPILATION_CONDITIONS = "DEBUG $(inherited)";
				SWIFT_OPTIMIZATION_LEVEL = "-Onone";
			};
			name = Debug;
		};
		E3C857CA2B28DE4E0060CD70 /* Release */ = {
			isa = XCBuildConfiguration;
			buildSettings = {
				ALWAYS_SEARCH_USER_PATHS = NO;
				ASSETCATALOG_COMPILER_GENERATE_SWIFT_ASSET_SYMBOL_EXTENSIONS = YES;
				CLANG_ANALYZER_NONNULL = YES;
				CLANG_ANALYZER_NUMBER_OBJECT_CONVERSION = YES_AGGRESSIVE;
				CLANG_CXX_LANGUAGE_STANDARD = "gnu++20";
				CLANG_ENABLE_MODULES = YES;
				CLANG_ENABLE_OBJC_ARC = YES;
				CLANG_ENABLE_OBJC_WEAK = YES;
				CLANG_WARN_BLOCK_CAPTURE_AUTORELEASING = YES;
				CLANG_WARN_BOOL_CONVERSION = YES;
				CLANG_WARN_COMMA = YES;
				CLANG_WARN_CONSTANT_CONVERSION = YES;
				CLANG_WARN_DEPRECATED_OBJC_IMPLEMENTATIONS = YES;
				CLANG_WARN_DIRECT_OBJC_ISA_USAGE = YES_ERROR;
				CLANG_WARN_DOCUMENTATION_COMMENTS = YES;
				CLANG_WARN_EMPTY_BODY = YES;
				CLANG_WARN_ENUM_CONVERSION = YES;
				CLANG_WARN_INFINITE_RECURSION = YES;
				CLANG_WARN_INT_CONVERSION = YES;
				CLANG_WARN_NON_LITERAL_NULL_CONVERSION = YES;
				CLANG_WARN_OBJC_IMPLICIT_RETAIN_SELF = YES;
				CLANG_WARN_OBJC_LITERAL_CONVERSION = YES;
				CLANG_WARN_OBJC_ROOT_CLASS = YES_ERROR;
				CLANG_WARN_QUOTED_INCLUDE_IN_FRAMEWORK_HEADER = YES;
				CLANG_WARN_RANGE_LOOP_ANALYSIS = YES;
				CLANG_WARN_STRICT_PROTOTYPES = YES;
				CLANG_WARN_SUSPICIOUS_MOVE = YES;
				CLANG_WARN_UNGUARDED_AVAILABILITY = YES_AGGRESSIVE;
				CLANG_WARN_UNREACHABLE_CODE = YES;
				CLANG_WARN__DUPLICATE_METHOD_MATCH = YES;
				COPY_PHASE_STRIP = NO;
				DEBUG_INFORMATION_FORMAT = "dwarf-with-dsym";
				ENABLE_NS_ASSERTIONS = NO;
				ENABLE_STRICT_OBJC_MSGSEND = YES;
				ENABLE_USER_SCRIPT_SANDBOXING = YES;
				GCC_C_LANGUAGE_STANDARD = gnu17;
				GCC_NO_COMMON_BLOCKS = YES;
				GCC_WARN_64_TO_32_BIT_CONVERSION = YES;
				GCC_WARN_ABOUT_RETURN_TYPE = YES_ERROR;
				GCC_WARN_UNDECLARED_SELECTOR = YES;
				GCC_WARN_UNINITIALIZED_AUTOS = YES_AGGRESSIVE;
				GCC_WARN_UNUSED_FUNCTION = YES;
				GCC_WARN_UNUSED_VARIABLE = YES;
				IPHONEOS_DEPLOYMENT_TARGET = 17.0;
				LOCALIZATION_PREFERS_STRING_CATALOGS = YES;
				MTL_ENABLE_DEBUG_INFO = NO;
				MTL_FAST_MATH = YES;
				SDKROOT = iphoneos;
				SWIFT_COMPILATION_MODE = wholemodule;
				VALIDATE_PRODUCT = YES;
			};
			name = Release;
		};
		E3C857CC2B28DE4E0060CD70 /* Debug */ = {
			isa = XCBuildConfiguration;
			buildSettings = {
				ASSETCATALOG_COMPILER_APPICON_NAME = AppIcon;
				ASSETCATALOG_COMPILER_GLOBAL_ACCENT_COLOR_NAME = AccentColor;
				CODE_SIGN_STYLE = Automatic;
				CURRENT_PROJECT_VERSION = 1;
				DEVELOPMENT_ASSET_PATHS = "\"procastiless/Preview Content\"";
				DEVELOPMENT_TEAM = RTQYY7BC36;
				ENABLE_PREVIEWS = YES;
				GENERATE_INFOPLIST_FILE = YES;
				INFOPLIST_KEY_UIApplicationSceneManifest_Generation = YES;
				INFOPLIST_KEY_UIApplicationSupportsIndirectInputEvents = YES;
				INFOPLIST_KEY_UILaunchScreen_Generation = YES;
				INFOPLIST_KEY_UISupportedInterfaceOrientations_iPad = "UIInterfaceOrientationPortrait UIInterfaceOrientationPortraitUpsideDown UIInterfaceOrientationLandscapeLeft UIInterfaceOrientationLandscapeRight";
				INFOPLIST_KEY_UISupportedInterfaceOrientations_iPhone = "UIInterfaceOrientationPortrait UIInterfaceOrientationLandscapeLeft UIInterfaceOrientationLandscapeRight";
				LD_RUNPATH_SEARCH_PATHS = (
					"$(inherited)",
					"@executable_path/Frameworks",
				);
				MARKETING_VERSION = 1.0;
				PRODUCT_BUNDLE_IDENTIFIER = com.davida.procastiless;
				PRODUCT_NAME = "$(TARGET_NAME)";
				SWIFT_EMIT_LOC_STRINGS = YES;
				SWIFT_VERSION = 5.0;
				TARGETED_DEVICE_FAMILY = "1,2";
			};
			name = Debug;
		};
		E3C857CD2B28DE4E0060CD70 /* Release */ = {
			isa = XCBuildConfiguration;
			buildSettings = {
				ASSETCATALOG_COMPILER_APPICON_NAME = AppIcon;
				ASSETCATALOG_COMPILER_GLOBAL_ACCENT_COLOR_NAME = AccentColor;
				CODE_SIGN_STYLE = Automatic;
				CURRENT_PROJECT_VERSION = 1;
				DEVELOPMENT_ASSET_PATHS = "\"procastiless/Preview Content\"";
				DEVELOPMENT_TEAM = RTQYY7BC36;
				ENABLE_PREVIEWS = YES;
				GENERATE_INFOPLIST_FILE = YES;
				INFOPLIST_KEY_UIApplicationSceneManifest_Generation = YES;
				INFOPLIST_KEY_UIApplicationSupportsIndirectInputEvents = YES;
				INFOPLIST_KEY_UILaunchScreen_Generation = YES;
				INFOPLIST_KEY_UISupportedInterfaceOrientations_iPad = "UIInterfaceOrientationPortrait UIInterfaceOrientationPortraitUpsideDown UIInterfaceOrientationLandscapeLeft UIInterfaceOrientationLandscapeRight";
				INFOPLIST_KEY_UISupportedInterfaceOrientations_iPhone = "UIInterfaceOrientationPortrait UIInterfaceOrientationLandscapeLeft UIInterfaceOrientationLandscapeRight";
				LD_RUNPATH_SEARCH_PATHS = (
					"$(inherited)",
					"@executable_path/Frameworks",
				);
				MARKETING_VERSION = 1.0;
				PRODUCT_BUNDLE_IDENTIFIER = com.davida.procastiless;
				PRODUCT_NAME = "$(TARGET_NAME)";
				SWIFT_EMIT_LOC_STRINGS = YES;
				SWIFT_VERSION = 5.0;
				TARGETED_DEVICE_FAMILY = "1,2";
			};
			name = Release;
		};
		E3C857CF2B28DE4E0060CD70 /* Debug */ = {
			isa = XCBuildConfiguration;
			buildSettings = {
				ALWAYS_EMBED_SWIFT_STANDARD_LIBRARIES = YES;
				BUNDLE_LOADER = "$(TEST_HOST)";
				CODE_SIGN_STYLE = Automatic;
				CURRENT_PROJECT_VERSION = 1;
				DEVELOPMENT_TEAM = RTQYY7BC36;
				GENERATE_INFOPLIST_FILE = YES;
				IPHONEOS_DEPLOYMENT_TARGET = 17.0;
				MARKETING_VERSION = 1.0;
				PRODUCT_BUNDLE_IDENTIFIER = com.davida.procastilessTests;
				PRODUCT_NAME = "$(TARGET_NAME)";
				SWIFT_EMIT_LOC_STRINGS = NO;
				SWIFT_VERSION = 5.0;
				TARGETED_DEVICE_FAMILY = "1,2";
				TEST_HOST = "$(BUILT_PRODUCTS_DIR)/procastiless.app/$(BUNDLE_EXECUTABLE_FOLDER_PATH)/procastiless";
			};
			name = Debug;
		};
		E3C857D02B28DE4E0060CD70 /* Release */ = {
			isa = XCBuildConfiguration;
			buildSettings = {
				ALWAYS_EMBED_SWIFT_STANDARD_LIBRARIES = YES;
				BUNDLE_LOADER = "$(TEST_HOST)";
				CODE_SIGN_STYLE = Automatic;
				CURRENT_PROJECT_VERSION = 1;
				DEVELOPMENT_TEAM = RTQYY7BC36;
				GENERATE_INFOPLIST_FILE = YES;
				IPHONEOS_DEPLOYMENT_TARGET = 17.0;
				MARKETING_VERSION = 1.0;
				PRODUCT_BUNDLE_IDENTIFIER = com.davida.procastilessTests;
				PRODUCT_NAME = "$(TARGET_NAME)";
				SWIFT_EMIT_LOC_STRINGS = NO;
				SWIFT_VERSION = 5.0;
				TARGETED_DEVICE_FAMILY = "1,2";
				TEST_HOST = "$(BUILT_PRODUCTS_DIR)/procastiless.app/$(BUNDLE_EXECUTABLE_FOLDER_PATH)/procastiless";
			};
			name = Release;
		};
		E3C857D22B28DE4E0060CD70 /* Debug */ = {
			isa = XCBuildConfiguration;
			buildSettings = {
				ALWAYS_EMBED_SWIFT_STANDARD_LIBRARIES = YES;
				CODE_SIGN_STYLE = Automatic;
				CURRENT_PROJECT_VERSION = 1;
				DEVELOPMENT_TEAM = RTQYY7BC36;
				GENERATE_INFOPLIST_FILE = YES;
				MARKETING_VERSION = 1.0;
				PRODUCT_BUNDLE_IDENTIFIER = com.davida.procastilessUITests;
				PRODUCT_NAME = "$(TARGET_NAME)";
				SWIFT_EMIT_LOC_STRINGS = NO;
				SWIFT_VERSION = 5.0;
				TARGETED_DEVICE_FAMILY = "1,2";
				TEST_TARGET_NAME = procastiless;
			};
			name = Debug;
		};
		E3C857D32B28DE4E0060CD70 /* Release */ = {
			isa = XCBuildConfiguration;
			buildSettings = {
				ALWAYS_EMBED_SWIFT_STANDARD_LIBRARIES = YES;
				CODE_SIGN_STYLE = Automatic;
				CURRENT_PROJECT_VERSION = 1;
				DEVELOPMENT_TEAM = RTQYY7BC36;
				GENERATE_INFOPLIST_FILE = YES;
				MARKETING_VERSION = 1.0;
				PRODUCT_BUNDLE_IDENTIFIER = com.davida.procastilessUITests;
				PRODUCT_NAME = "$(TARGET_NAME)";
				SWIFT_EMIT_LOC_STRINGS = NO;
				SWIFT_VERSION = 5.0;
				TARGETED_DEVICE_FAMILY = "1,2";
				TEST_TARGET_NAME = procastiless;
			};
			name = Release;
		};
/* End XCBuildConfiguration section */

/* Begin XCConfigurationList section */
		E3C857A22B28DE4C0060CD70 /* Build configuration list for PBXProject "procastiless" */ = {
			isa = XCConfigurationList;
			buildConfigurations = (
				E3C857C92B28DE4E0060CD70 /* Debug */,
				E3C857CA2B28DE4E0060CD70 /* Release */,
			);
			defaultConfigurationIsVisible = 0;
			defaultConfigurationName = Release;
		};
		E3C857CB2B28DE4E0060CD70 /* Build configuration list for PBXNativeTarget "procastiless" */ = {
			isa = XCConfigurationList;
			buildConfigurations = (
				E3C857CC2B28DE4E0060CD70 /* Debug */,
				E3C857CD2B28DE4E0060CD70 /* Release */,
			);
			defaultConfigurationIsVisible = 0;
			defaultConfigurationName = Release;
		};
		E3C857CE2B28DE4E0060CD70 /* Build configuration list for PBXNativeTarget "procastilessTests" */ = {
			isa = XCConfigurationList;
			buildConfigurations = (
				E3C857CF2B28DE4E0060CD70 /* Debug */,
				E3C857D02B28DE4E0060CD70 /* Release */,
			);
			defaultConfigurationIsVisible = 0;
			defaultConfigurationName = Release;
		};
		E3C857D12B28DE4E0060CD70 /* Build configuration list for PBXNativeTarget "procastilessUITests" */ = {
			isa = XCConfigurationList;
			buildConfigurations = (
				E3C857D22B28DE4E0060CD70 /* Debug */,
				E3C857D32B28DE4E0060CD70 /* Release */,
			);
			defaultConfigurationIsVisible = 0;
			defaultConfigurationName = Release;
		};
/* End XCConfigurationList section */
	};
	rootObject = E3C8579F2B28DE4C0060CD70 /* Project object */;
}
